{
  "requires": true,
  "lockfileVersion": 1,
  "dependencies": {
    "leaflet-mouse-position": {
      "version": "1.2.0",
      "resolved": "https://registry.npmjs.org/leaflet-mouse-position/-/leaflet-mouse-position-1.2.0.tgz",
      "integrity": "sha512-iKS25GZDRdoKZn0O5sjTyNcBYrq/wenLiOidj4jJ5iD4SfhyqVj+bJHgBwuMxOlf8Vc/9B1ZPlqYV4QA97nyFg=="
    }
  }
}
